// !$*UTF8*$!
{
	archiveVersion = 1;
	classes = {
	};
	objectVersion = 48;
	objects = {

/* Begin PBXBuildFile section */
		05B4AE3EB2ECADD2F2A68BBA /* Pods_Tapper.framework in Frameworks */ = {isa = PBXBuildFile; fileRef = 950CE219F56FCC7E1A33D32D /* Pods_Tapper.framework */; };
		C3048F901FF624900012A4AF /* MainMenuBarDataSource.swift in Sources */ = {isa = PBXBuildFile; fileRef = C3048F8F1FF624900012A4AF /* MainMenuBarDataSource.swift */; };
		C3048F921FF66E490012A4AF /* TableViewsManager.swift in Sources */ = {isa = PBXBuildFile; fileRef = C3048F911FF66E490012A4AF /* TableViewsManager.swift */; };
		C3095A551FF68E4600A56760 /* MainSessionDataSource.swift in Sources */ = {isa = PBXBuildFile; fileRef = C3095A541FF68E4600A56760 /* MainSessionDataSource.swift */; };
		C314F7111FEE377800AC2B1B /* AppDelegate.swift in Sources */ = {isa = PBXBuildFile; fileRef = C314F7101FEE377800AC2B1B /* AppDelegate.swift */; };
		C314F7161FEE377800AC2B1B /* Main.storyboard in Resources */ = {isa = PBXBuildFile; fileRef = C314F7141FEE377800AC2B1B /* Main.storyboard */; };
		C314F7191FEE377800AC2B1B /* Tapper.xcdatamodeld in Sources */ = {isa = PBXBuildFile; fileRef = C314F7171FEE377800AC2B1B /* Tapper.xcdatamodeld */; };
		C314F71E1FEE377800AC2B1B /* LaunchScreen.storyboard in Resources */ = {isa = PBXBuildFile; fileRef = C314F71C1FEE377800AC2B1B /* LaunchScreen.storyboard */; };
		C314F7291FEE377800AC2B1B /* TapperTests.swift in Sources */ = {isa = PBXBuildFile; fileRef = C314F7281FEE377800AC2B1B /* TapperTests.swift */; };
		C36767181FF3E46200F003CB /* MainViewController.swift in Sources */ = {isa = PBXBuildFile; fileRef = C36767171FF3E46200F003CB /* MainViewController.swift */; };
		C37535A21FEEAD1800D8B4F3 /* SignUpViewController.swift in Sources */ = {isa = PBXBuildFile; fileRef = C37535A11FEEAD1800D8B4F3 /* SignUpViewController.swift */; };
		C37535A41FEEAE0000D8B4F3 /* Assets.xcassets in Resources */ = {isa = PBXBuildFile; fileRef = C37535A31FEEAE0000D8B4F3 /* Assets.xcassets */; };
		C37EBA2B1FF5DF68009BEE01 /* MainViewCollectionDataSource.swift in Sources */ = {isa = PBXBuildFile; fileRef = C37EBA2A1FF5DF68009BEE01 /* MainViewCollectionDataSource.swift */; };
		C3A29E681FF2469900013C71 /* SignInViewController.swift in Sources */ = {isa = PBXBuildFile; fileRef = C3A29E671FF2469900013C71 /* SignInViewController.swift */; };
		C3A29E6B1FF33F1A00013C71 /* OperationHelper.swift in Sources */ = {isa = PBXBuildFile; fileRef = C3A29E6A1FF33F1A00013C71 /* OperationHelper.swift */; };
		C3A29E6D1FF36B4A00013C71 /* AccountManagerClient.swift in Sources */ = {isa = PBXBuildFile; fileRef = C3A29E6C1FF36B4A00013C71 /* AccountManagerClient.swift */; };
		C3AC0D731FF0E2F100BDD8ED /* KeyboardFrameChangeProtector.swift in Sources */ = {isa = PBXBuildFile; fileRef = C3AC0D721FF0E2F100BDD8ED /* KeyboardFrameChangeProtector.swift */; };
		C3AC0D761FF222A000BDD8ED /* UIControlHelper.swift in Sources */ = {isa = PBXBuildFile; fileRef = C3AC0D751FF222A000BDD8ED /* UIControlHelper.swift */; };
		C3C802D21FF5083E00165B3C /* MainSessionCell.swift in Sources */ = {isa = PBXBuildFile; fileRef = C3C802D11FF5083E00165B3C /* MainSessionCell.swift */; };
		CDA0185C2F07BD4F4AD3DF01 /* Pods_TapperTests.framework in Frameworks */ = {isa = PBXBuildFile; fileRef = 18E2008A163E56C883286B48 /* Pods_TapperTests.framework */; };
/* End PBXBuildFile section */

/* Begin PBXContainerItemProxy section */
		C314F7251FEE377800AC2B1B /* PBXContainerItemProxy */ = {
			isa = PBXContainerItemProxy;
			containerPortal = C314F7051FEE377800AC2B1B /* Project object */;
			proxyType = 1;
			remoteGlobalIDString = C314F70C1FEE377800AC2B1B;
			remoteInfo = Tapper;
		};
/* End PBXContainerItemProxy section */

/* Begin PBXFileReference section */
		18E2008A163E56C883286B48 /* Pods_TapperTests.framework */ = {isa = PBXFileReference; explicitFileType = wrapper.framework; includeInIndex = 0; path = Pods_TapperTests.framework; sourceTree = BUILT_PRODUCTS_DIR; };
		5E8E6B947C14963731CA3EF6 /* Pods-TapperTests.debug.xcconfig */ = {isa = PBXFileReference; includeInIndex = 1; lastKnownFileType = text.xcconfig; name = "Pods-TapperTests.debug.xcconfig"; path = "Pods/Target Support Files/Pods-TapperTests/Pods-TapperTests.debug.xcconfig"; sourceTree = "<group>"; };
		919E59519FCE594F19203C14 /* Pods-Tapper.release.xcconfig */ = {isa = PBXFileReference; includeInIndex = 1; lastKnownFileType = text.xcconfig; name = "Pods-Tapper.release.xcconfig"; path = "Pods/Target Support Files/Pods-Tapper/Pods-Tapper.release.xcconfig"; sourceTree = "<group>"; };
		950CE219F56FCC7E1A33D32D /* Pods_Tapper.framework */ = {isa = PBXFileReference; explicitFileType = wrapper.framework; includeInIndex = 0; path = Pods_Tapper.framework; sourceTree = BUILT_PRODUCTS_DIR; };
		C3048F8F1FF624900012A4AF /* MainMenuBarDataSource.swift */ = {isa = PBXFileReference; lastKnownFileType = sourcecode.swift; path = MainMenuBarDataSource.swift; sourceTree = "<group>"; };
		C3048F911FF66E490012A4AF /* TableViewsManager.swift */ = {isa = PBXFileReference; lastKnownFileType = sourcecode.swift; name = TableViewsManager.swift; path = Tapper/ViewControllers/SubClass/TableViewsManager.swift; sourceTree = SOURCE_ROOT; };
		C3095A541FF68E4600A56760 /* MainSessionDataSource.swift */ = {isa = PBXFileReference; fileEncoding = 4; lastKnownFileType = sourcecode.swift; name = MainSessionDataSource.swift; path = tapper/ViewControllers/SubClass/MainSessionDataSource.swift; sourceTree = SOURCE_ROOT; };
		C314F70D1FEE377800AC2B1B /* Tapper.app */ = {isa = PBXFileReference; explicitFileType = wrapper.application; includeInIndex = 0; path = Tapper.app; sourceTree = BUILT_PRODUCTS_DIR; };
		C314F7101FEE377800AC2B1B /* AppDelegate.swift */ = {isa = PBXFileReference; lastKnownFileType = sourcecode.swift; path = AppDelegate.swift; sourceTree = "<group>"; };
		C314F7151FEE377800AC2B1B /* Base */ = {isa = PBXFileReference; lastKnownFileType = file.storyboard; name = Base; path = Base.lproj/Main.storyboard; sourceTree = "<group>"; };
		C314F7181FEE377800AC2B1B /* Tapper.xcdatamodel */ = {isa = PBXFileReference; lastKnownFileType = wrapper.xcdatamodel; path = Tapper.xcdatamodel; sourceTree = "<group>"; };
		C314F71D1FEE377800AC2B1B /* Base */ = {isa = PBXFileReference; lastKnownFileType = file.storyboard; name = Base; path = Base.lproj/LaunchScreen.storyboard; sourceTree = "<group>"; };
		C314F71F1FEE377800AC2B1B /* Info.plist */ = {isa = PBXFileReference; lastKnownFileType = text.plist.xml; path = Info.plist; sourceTree = "<group>"; };
		C314F7241FEE377800AC2B1B /* TapperTests.xctest */ = {isa = PBXFileReference; explicitFileType = wrapper.cfbundle; includeInIndex = 0; path = TapperTests.xctest; sourceTree = BUILT_PRODUCTS_DIR; };
		C314F7281FEE377800AC2B1B /* TapperTests.swift */ = {isa = PBXFileReference; lastKnownFileType = sourcecode.swift; path = TapperTests.swift; sourceTree = "<group>"; };
		C314F72A1FEE377800AC2B1B /* Info.plist */ = {isa = PBXFileReference; lastKnownFileType = text.plist.xml; path = Info.plist; sourceTree = "<group>"; };
		C36767171FF3E46200F003CB /* MainViewController.swift */ = {isa = PBXFileReference; lastKnownFileType = sourcecode.swift; name = MainViewController.swift; path = tapper/ViewControllers/MainViewController.swift; sourceTree = SOURCE_ROOT; };
		C37535A11FEEAD1800D8B4F3 /* SignUpViewController.swift */ = {isa = PBXFileReference; fileEncoding = 4; lastKnownFileType = sourcecode.swift; name = SignUpViewController.swift; path = tapper/ViewControllers/SignUpViewController.swift; sourceTree = SOURCE_ROOT; };
		C37535A31FEEAE0000D8B4F3 /* Assets.xcassets */ = {isa = PBXFileReference; lastKnownFileType = folder.assetcatalog; name = Assets.xcassets; path = tapper/Assets.xcassets; sourceTree = SOURCE_ROOT; };
		C37EBA2A1FF5DF68009BEE01 /* MainViewCollectionDataSource.swift */ = {isa = PBXFileReference; lastKnownFileType = sourcecode.swift; path = MainViewCollectionDataSource.swift; sourceTree = "<group>"; };
		C3A29E671FF2469900013C71 /* SignInViewController.swift */ = {isa = PBXFileReference; fileEncoding = 4; lastKnownFileType = sourcecode.swift; name = SignInViewController.swift; path = tapper/ViewControllers/SignInViewController.swift; sourceTree = SOURCE_ROOT; };
		C3A29E6A1FF33F1A00013C71 /* OperationHelper.swift */ = {isa = PBXFileReference; lastKnownFileType = sourcecode.swift; name = OperationHelper.swift; path = tapper/Helpers/OperationHelper.swift; sourceTree = SOURCE_ROOT; };
		C3A29E6C1FF36B4A00013C71 /* AccountManagerClient.swift */ = {isa = PBXFileReference; lastKnownFileType = sourcecode.swift; name = AccountManagerClient.swift; path = tapper/Managers/AccountManagerClient.swift; sourceTree = SOURCE_ROOT; };
		C3AC0D721FF0E2F100BDD8ED /* KeyboardFrameChangeProtector.swift */ = {isa = PBXFileReference; lastKnownFileType = sourcecode.swift; path = KeyboardFrameChangeProtector.swift; sourceTree = "<group>"; };
		C3AC0D751FF222A000BDD8ED /* UIControlHelper.swift */ = {isa = PBXFileReference; lastKnownFileType = sourcecode.swift; name = UIControlHelper.swift; path = Tapper/Helpers/UIControlHelper.swift; sourceTree = SOURCE_ROOT; };
		C3C802D11FF5083E00165B3C /* MainSessionCell.swift */ = {isa = PBXFileReference; lastKnownFileType = sourcecode.swift; name = MainSessionCell.swift; path = Tapper/ViewControllers/SubClass/MainSessionCell.swift; sourceTree = SOURCE_ROOT; };
		D8D5E57818EA1622F67AECF4 /* Pods-TapperTests.release.xcconfig */ = {isa = PBXFileReference; includeInIndex = 1; lastKnownFileType = text.xcconfig; name = "Pods-TapperTests.release.xcconfig"; path = "Pods/Target Support Files/Pods-TapperTests/Pods-TapperTests.release.xcconfig"; sourceTree = "<group>"; };
		FEE3E93463A9ADEEC7E86EC7 /* Pods-Tapper.debug.xcconfig */ = {isa = PBXFileReference; includeInIndex = 1; lastKnownFileType = text.xcconfig; name = "Pods-Tapper.debug.xcconfig"; path = "Pods/Target Support Files/Pods-Tapper/Pods-Tapper.debug.xcconfig"; sourceTree = "<group>"; };
/* End PBXFileReference section */

/* Begin PBXFrameworksBuildPhase section */
		C314F70A1FEE377800AC2B1B /* Frameworks */ = {
			isa = PBXFrameworksBuildPhase;
			buildActionMask = 2147483647;
			files = (
				05B4AE3EB2ECADD2F2A68BBA /* Pods_Tapper.framework in Frameworks */,
			);
			runOnlyForDeploymentPostprocessing = 0;
		};
		C314F7211FEE377800AC2B1B /* Frameworks */ = {
			isa = PBXFrameworksBuildPhase;
			buildActionMask = 2147483647;
			files = (
				CDA0185C2F07BD4F4AD3DF01 /* Pods_TapperTests.framework in Frameworks */,
			);
			runOnlyForDeploymentPostprocessing = 0;
		};
/* End PBXFrameworksBuildPhase section */

/* Begin PBXGroup section */
		95C0D3BC99F98FC534AA1A5F /* Pods */ = {
			isa = PBXGroup;
			children = (
				FEE3E93463A9ADEEC7E86EC7 /* Pods-Tapper.debug.xcconfig */,
				919E59519FCE594F19203C14 /* Pods-Tapper.release.xcconfig */,
				5E8E6B947C14963731CA3EF6 /* Pods-TapperTests.debug.xcconfig */,
				D8D5E57818EA1622F67AECF4 /* Pods-TapperTests.release.xcconfig */,
			);
			name = Pods;
			sourceTree = "<group>";
		};
		9CF3FF541F9A518BA96B52D9 /* Frameworks */ = {
			isa = PBXGroup;
			children = (
				950CE219F56FCC7E1A33D32D /* Pods_Tapper.framework */,
				18E2008A163E56C883286B48 /* Pods_TapperTests.framework */,
			);
			name = Frameworks;
			sourceTree = "<group>";
		};
		C314F7041FEE377800AC2B1B = {
			isa = PBXGroup;
			children = (
				C314F70F1FEE377800AC2B1B /* Tapper */,
				C314F7271FEE377800AC2B1B /* TapperTests */,
				C314F70E1FEE377800AC2B1B /* Products */,
				95C0D3BC99F98FC534AA1A5F /* Pods */,
				9CF3FF541F9A518BA96B52D9 /* Frameworks */,
			);
			sourceTree = "<group>";
		};
		C314F70E1FEE377800AC2B1B /* Products */ = {
			isa = PBXGroup;
			children = (
				C314F70D1FEE377800AC2B1B /* Tapper.app */,
				C314F7241FEE377800AC2B1B /* TapperTests.xctest */,
			);
			name = Products;
			sourceTree = "<group>";
		};
		C314F70F1FEE377800AC2B1B /* Tapper */ = {
			isa = PBXGroup;
			children = (
				C37535A31FEEAE0000D8B4F3 /* Assets.xcassets */,
				C3A29E691FF33EFC00013C71 /* Helpers */,
				C3AC0D6F1FEF9BBE00BDD8ED /* Managers */,
				C3E360A41FEE8C7D00896586 /* ViewControllers */,
				C314F7101FEE377800AC2B1B /* AppDelegate.swift */,
				C314F7141FEE377800AC2B1B /* Main.storyboard */,
				C314F71C1FEE377800AC2B1B /* LaunchScreen.storyboard */,
				C314F71F1FEE377800AC2B1B /* Info.plist */,
				C314F7171FEE377800AC2B1B /* Tapper.xcdatamodeld */,
			);
			path = Tapper;
			sourceTree = "<group>";
		};
		C314F7271FEE377800AC2B1B /* TapperTests */ = {
			isa = PBXGroup;
			children = (
				C314F7281FEE377800AC2B1B /* TapperTests.swift */,
				C314F72A1FEE377800AC2B1B /* Info.plist */,
			);
			path = TapperTests;
			sourceTree = "<group>";
		};
		C3A29E691FF33EFC00013C71 /* Helpers */ = {
			isa = PBXGroup;
			children = (
				C3AC0D751FF222A000BDD8ED /* UIControlHelper.swift */,
				C3A29E6A1FF33F1A00013C71 /* OperationHelper.swift */,
			);
			path = Helpers;
			sourceTree = "<group>";
		};
		C3AC0D6F1FEF9BBE00BDD8ED /* Managers */ = {
			isa = PBXGroup;
			children = (
				C3AC0D721FF0E2F100BDD8ED /* KeyboardFrameChangeProtector.swift */,
				C3A29E6C1FF36B4A00013C71 /* AccountManagerClient.swift */,
			);
			path = Managers;
			sourceTree = "<group>";
		};
		C3C802D31FF511C800165B3C /* SubClass */ = {
			isa = PBXGroup;
			children = (
				C3095A541FF68E4600A56760 /* MainSessionDataSource.swift */,
				C3048F911FF66E490012A4AF /* TableViewsManager.swift */,
				C3C802D11FF5083E00165B3C /* MainSessionCell.swift */,
				C37EBA2A1FF5DF68009BEE01 /* MainViewCollectionDataSource.swift */,
				C3048F8F1FF624900012A4AF /* MainMenuBarDataSource.swift */,
			);
			path = SubClass;
			sourceTree = "<group>";
		};
		C3E360A41FEE8C7D00896586 /* ViewControllers */ = {
			isa = PBXGroup;
			children = (
				C3C802D31FF511C800165B3C /* SubClass */,
				C3A29E671FF2469900013C71 /* SignInViewController.swift */,
				C37535A11FEEAD1800D8B4F3 /* SignUpViewController.swift */,
				C36767171FF3E46200F003CB /* MainViewController.swift */,
			);
			path = ViewControllers;
			sourceTree = "<group>";
		};
/* End PBXGroup section */

/* Begin PBXNativeTarget section */
		C314F70C1FEE377800AC2B1B /* Tapper */ = {
			isa = PBXNativeTarget;
			buildConfigurationList = C314F72D1FEE377800AC2B1B /* Build configuration list for PBXNativeTarget "Tapper" */;
			buildPhases = (
				A084F1A0DF441B1F9600C26C /* [CP] Check Pods Manifest.lock */,
				C314F7091FEE377800AC2B1B /* Sources */,
				C314F70A1FEE377800AC2B1B /* Frameworks */,
				C314F70B1FEE377800AC2B1B /* Resources */,
				05F311061576E50F07EABE57 /* [CP] Embed Pods Frameworks */,
				EEF88AA55B29076A526E7F26 /* [CP] Copy Pods Resources */,
			);
			buildRules = (
			);
			dependencies = (
			);
			name = Tapper;
			productName = Tapper;
			productReference = C314F70D1FEE377800AC2B1B /* Tapper.app */;
			productType = "com.apple.product-type.application";
		};
		C314F7231FEE377800AC2B1B /* TapperTests */ = {
			isa = PBXNativeTarget;
			buildConfigurationList = C314F7301FEE377800AC2B1B /* Build configuration list for PBXNativeTarget "TapperTests" */;
			buildPhases = (
				1FD51C7D0E7684202395CB63 /* [CP] Check Pods Manifest.lock */,
				C314F7201FEE377800AC2B1B /* Sources */,
				C314F7211FEE377800AC2B1B /* Frameworks */,
				C314F7221FEE377800AC2B1B /* Resources */,
				C2D7D8DD13A5CC3DC054C2BC /* [CP] Embed Pods Frameworks */,
				5AFB49D6027C2C73B58F5500 /* [CP] Copy Pods Resources */,
			);
			buildRules = (
			);
			dependencies = (
				C314F7261FEE377800AC2B1B /* PBXTargetDependency */,
			);
			name = TapperTests;
			productName = TapperTests;
			productReference = C314F7241FEE377800AC2B1B /* TapperTests.xctest */;
			productType = "com.apple.product-type.bundle.unit-test";
		};
/* End PBXNativeTarget section */

/* Begin PBXProject section */
		C314F7051FEE377800AC2B1B /* Project object */ = {
			isa = PBXProject;
			attributes = {
				LastSwiftUpdateCheck = 0920;
				LastUpgradeCheck = 0920;
				ORGANIZATIONNAME = "Lyu Yu";
				TargetAttributes = {
					C314F70C1FEE377800AC2B1B = {
						CreatedOnToolsVersion = 9.2;
						ProvisioningStyle = Automatic;
					};
					C314F7231FEE377800AC2B1B = {
						CreatedOnToolsVersion = 9.2;
						ProvisioningStyle = Automatic;
						TestTargetID = C314F70C1FEE377800AC2B1B;
					};
				};
			};
			buildConfigurationList = C314F7081FEE377800AC2B1B /* Build configuration list for PBXProject "tapper" */;
			compatibilityVersion = "Xcode 8.0";
			developmentRegion = en;
			hasScannedForEncodings = 0;
			knownRegions = (
				en,
				Base,
			);
			mainGroup = C314F7041FEE377800AC2B1B;
			productRefGroup = C314F70E1FEE377800AC2B1B /* Products */;
			projectDirPath = "";
			projectRoot = "";
			targets = (
				C314F70C1FEE377800AC2B1B /* Tapper */,
				C314F7231FEE377800AC2B1B /* TapperTests */,
			);
		};
/* End PBXProject section */

/* Begin PBXResourcesBuildPhase section */
		C314F70B1FEE377800AC2B1B /* Resources */ = {
			isa = PBXResourcesBuildPhase;
			buildActionMask = 2147483647;
			files = (
				C314F71E1FEE377800AC2B1B /* LaunchScreen.storyboard in Resources */,
				C37535A41FEEAE0000D8B4F3 /* Assets.xcassets in Resources */,
				C314F7161FEE377800AC2B1B /* Main.storyboard in Resources */,
			);
			runOnlyForDeploymentPostprocessing = 0;
		};
		C314F7221FEE377800AC2B1B /* Resources */ = {
			isa = PBXResourcesBuildPhase;
			buildActionMask = 2147483647;
			files = (
			);
			runOnlyForDeploymentPostprocessing = 0;
		};
/* End PBXResourcesBuildPhase section */

/* Begin PBXShellScriptBuildPhase section */
		05F311061576E50F07EABE57 /* [CP] Embed Pods Frameworks */ = {
			isa = PBXShellScriptBuildPhase;
			buildActionMask = 2147483647;
			files = (
			);
			inputPaths = (
				"${SRCROOT}/Pods/Target Support Files/Pods-Tapper/Pods-Tapper-frameworks.sh",
				"${BUILT_PRODUCTS_DIR}/Fusuma/Fusuma.framework",
			);
			name = "[CP] Embed Pods Frameworks";
			outputPaths = (
				"${TARGET_BUILD_DIR}/${FRAMEWORKS_FOLDER_PATH}/Fusuma.framework",
			);
			runOnlyForDeploymentPostprocessing = 0;
			shellPath = /bin/sh;
			shellScript = "\"${SRCROOT}/Pods/Target Support Files/Pods-Tapper/Pods-Tapper-frameworks.sh\"\n";
			showEnvVarsInLog = 0;
		};
		1FD51C7D0E7684202395CB63 /* [CP] Check Pods Manifest.lock */ = {
			isa = PBXShellScriptBuildPhase;
			buildActionMask = 2147483647;
			files = (
			);
			inputPaths = (
				"${PODS_PODFILE_DIR_PATH}/Podfile.lock",
				"${PODS_ROOT}/Manifest.lock",
			);
			name = "[CP] Check Pods Manifest.lock";
			outputPaths = (
				"$(DERIVED_FILE_DIR)/Pods-TapperTests-checkManifestLockResult.txt",
			);
			runOnlyForDeploymentPostprocessing = 0;
			shellPath = /bin/sh;
			shellScript = "diff \"${PODS_PODFILE_DIR_PATH}/Podfile.lock\" \"${PODS_ROOT}/Manifest.lock\" > /dev/null\nif [ $? != 0 ] ; then\n    # print error to STDERR\n    echo \"error: The sandbox is not in sync with the Podfile.lock. Run 'pod install' or update your CocoaPods installation.\" >&2\n    exit 1\nfi\n# This output is used by Xcode 'outputs' to avoid re-running this script phase.\necho \"SUCCESS\" > \"${SCRIPT_OUTPUT_FILE_0}\"\n";
			showEnvVarsInLog = 0;
		};
		5AFB49D6027C2C73B58F5500 /* [CP] Copy Pods Resources */ = {
			isa = PBXShellScriptBuildPhase;
			buildActionMask = 2147483647;
			files = (
			);
			inputPaths = (
			);
			name = "[CP] Copy Pods Resources";
			outputPaths = (
			);
			runOnlyForDeploymentPostprocessing = 0;
			shellPath = /bin/sh;
			shellScript = "\"${SRCROOT}/Pods/Target Support Files/Pods-TapperTests/Pods-TapperTests-resources.sh\"\n";
			showEnvVarsInLog = 0;
		};
		A084F1A0DF441B1F9600C26C /* [CP] Check Pods Manifest.lock */ = {
			isa = PBXShellScriptBuildPhase;
			buildActionMask = 2147483647;
			files = (
			);
			inputPaths = (
				"${PODS_PODFILE_DIR_PATH}/Podfile.lock",
				"${PODS_ROOT}/Manifest.lock",
			);
			name = "[CP] Check Pods Manifest.lock";
			outputPaths = (
				"$(DERIVED_FILE_DIR)/Pods-Tapper-checkManifestLockResult.txt",
			);
			runOnlyForDeploymentPostprocessing = 0;
			shellPath = /bin/sh;
			shellScript = "diff \"${PODS_PODFILE_DIR_PATH}/Podfile.lock\" \"${PODS_ROOT}/Manifest.lock\" > /dev/null\nif [ $? != 0 ] ; then\n    # print error to STDERR\n    echo \"error: The sandbox is not in sync with the Podfile.lock. Run 'pod install' or update your CocoaPods installation.\" >&2\n    exit 1\nfi\n# This output is used by Xcode 'outputs' to avoid re-running this script phase.\necho \"SUCCESS\" > \"${SCRIPT_OUTPUT_FILE_0}\"\n";
			showEnvVarsInLog = 0;
		};
		C2D7D8DD13A5CC3DC054C2BC /* [CP] Embed Pods Frameworks */ = {
			isa = PBXShellScriptBuildPhase;
			buildActionMask = 2147483647;
			files = (
			);
			inputPaths = (
			);
			name = "[CP] Embed Pods Frameworks";
			outputPaths = (
			);
			runOnlyForDeploymentPostprocessing = 0;
			shellPath = /bin/sh;
			shellScript = "\"${SRCROOT}/Pods/Target Support Files/Pods-TapperTests/Pods-TapperTests-frameworks.sh\"\n";
			showEnvVarsInLog = 0;
		};
		EEF88AA55B29076A526E7F26 /* [CP] Copy Pods Resources */ = {
			isa = PBXShellScriptBuildPhase;
			buildActionMask = 2147483647;
			files = (
			);
			inputPaths = (
			);
			name = "[CP] Copy Pods Resources";
			outputPaths = (
			);
			runOnlyForDeploymentPostprocessing = 0;
			shellPath = /bin/sh;
			shellScript = "\"${SRCROOT}/Pods/Target Support Files/Pods-Tapper/Pods-Tapper-resources.sh\"\n";
			showEnvVarsInLog = 0;
		};
/* End PBXShellScriptBuildPhase section */

/* Begin PBXSourcesBuildPhase section */
		C314F7091FEE377800AC2B1B /* Sources */ = {
			isa = PBXSourcesBuildPhase;
			buildActionMask = 2147483647;
			files = (
				C3095A551FF68E4600A56760 /* MainSessionDataSource.swift in Sources */,
				C3A29E6B1FF33F1A00013C71 /* OperationHelper.swift in Sources */,
				C3AC0D731FF0E2F100BDD8ED /* KeyboardFrameChangeProtector.swift in Sources */,
				C36767181FF3E46200F003CB /* MainViewController.swift in Sources */,
				C37EBA2B1FF5DF68009BEE01 /* MainViewCollectionDataSource.swift in Sources */,
				C3048F901FF624900012A4AF /* MainMenuBarDataSource.swift in Sources */,
				C3C802D21FF5083E00165B3C /* MainSessionCell.swift in Sources */,
				C3AC0D761FF222A000BDD8ED /* UIControlHelper.swift in Sources */,
				C3A29E681FF2469900013C71 /* SignInViewController.swift in Sources */,
				C3048F921FF66E490012A4AF /* TableViewsManager.swift in Sources */,
				C3A29E6D1FF36B4A00013C71 /* AccountManagerClient.swift in Sources */,
				C314F7111FEE377800AC2B1B /* AppDelegate.swift in Sources */,
				C37535A21FEEAD1800D8B4F3 /* SignUpViewController.swift in Sources */,
				C314F7191FEE377800AC2B1B /* Tapper.xcdatamodeld in Sources */,
			);
			runOnlyForDeploymentPostprocessing = 0;
		};
		C314F7201FEE377800AC2B1B /* Sources */ = {
			isa = PBXSourcesBuildPhase;
			buildActionMask = 2147483647;
			files = (
				C314F7291FEE377800AC2B1B /* TapperTests.swift in Sources */,
			);
			runOnlyForDeploymentPostprocessing = 0;
		};
/* End PBXSourcesBuildPhase section */

/* Begin PBXTargetDependency section */
		C314F7261FEE377800AC2B1B /* PBXTargetDependency */ = {
			isa = PBXTargetDependency;
			target = C314F70C1FEE377800AC2B1B /* Tapper */;
			targetProxy = C314F7251FEE377800AC2B1B /* PBXContainerItemProxy */;
		};
/* End PBXTargetDependency section */

/* Begin PBXVariantGroup section */
		C314F7141FEE377800AC2B1B /* Main.storyboard */ = {
			isa = PBXVariantGroup;
			children = (
				C314F7151FEE377800AC2B1B /* Base */,
			);
			name = Main.storyboard;
			sourceTree = "<group>";
		};
		C314F71C1FEE377800AC2B1B /* LaunchScreen.storyboard */ = {
			isa = PBXVariantGroup;
			children = (
				C314F71D1FEE377800AC2B1B /* Base */,
			);
			name = LaunchScreen.storyboard;
			sourceTree = "<group>";
		};
/* End PBXVariantGroup section */

/* Begin XCBuildConfiguration section */
		C314F72B1FEE377800AC2B1B /* Debug */ = {
			isa = XCBuildConfiguration;
			buildSettings = {
				ALWAYS_SEARCH_USER_PATHS = NO;
				CLANG_ANALYZER_NONNULL = YES;
				CLANG_ANALYZER_NUMBER_OBJECT_CONVERSION = YES_AGGRESSIVE;
				CLANG_CXX_LANGUAGE_STANDARD = "gnu++14";
				CLANG_CXX_LIBRARY = "libc++";
				CLANG_ENABLE_MODULES = YES;
				CLANG_ENABLE_OBJC_ARC = YES;
				CLANG_WARN_BLOCK_CAPTURE_AUTORELEASING = YES;
				CLANG_WARN_BOOL_CONVERSION = YES;
				CLANG_WARN_COMMA = YES;
				CLANG_WARN_CONSTANT_CONVERSION = YES;
				CLANG_WARN_DIRECT_OBJC_ISA_USAGE = YES_ERROR;
				CLANG_WARN_DOCUMENTATION_COMMENTS = YES;
				CLANG_WARN_EMPTY_BODY = YES;
				CLANG_WARN_ENUM_CONVERSION = YES;
				CLANG_WARN_INFINITE_RECURSION = YES;
				CLANG_WARN_INT_CONVERSION = YES;
				CLANG_WARN_NON_LITERAL_NULL_CONVERSION = YES;
				CLANG_WARN_OBJC_LITERAL_CONVERSION = YES;
				CLANG_WARN_OBJC_ROOT_CLASS = YES_ERROR;
				CLANG_WARN_RANGE_LOOP_ANALYSIS = YES;
				CLANG_WARN_STRICT_PROTOTYPES = YES;
				CLANG_WARN_SUSPICIOUS_MOVE = YES;
				CLANG_WARN_UNGUARDED_AVAILABILITY = YES_AGGRESSIVE;
				CLANG_WARN_UNREACHABLE_CODE = YES;
				CLANG_WARN__DUPLICATE_METHOD_MATCH = YES;
				CODE_SIGN_IDENTITY = "iPhone Developer";
				COPY_PHASE_STRIP = NO;
				DEBUG_INFORMATION_FORMAT = dwarf;
				ENABLE_STRICT_OBJC_MSGSEND = YES;
				ENABLE_TESTABILITY = YES;
				GCC_C_LANGUAGE_STANDARD = gnu11;
				GCC_DYNAMIC_NO_PIC = NO;
				GCC_NO_COMMON_BLOCKS = YES;
				GCC_OPTIMIZATION_LEVEL = 0;
				GCC_PREPROCESSOR_DEFINITIONS = (
					"DEBUG=1",
					"$(inherited)",
				);
				GCC_WARN_64_TO_32_BIT_CONVERSION = YES;
				GCC_WARN_ABOUT_RETURN_TYPE = YES_ERROR;
				GCC_WARN_UNDECLARED_SELECTOR = YES;
				GCC_WARN_UNINITIALIZED_AUTOS = YES_AGGRESSIVE;
				GCC_WARN_UNUSED_FUNCTION = YES;
				GCC_WARN_UNUSED_VARIABLE = YES;
				IPHONEOS_DEPLOYMENT_TARGET = 11.2;
				MTL_ENABLE_DEBUG_INFO = YES;
				ONLY_ACTIVE_ARCH = YES;
				SDKROOT = iphoneos;
				SWIFT_ACTIVE_COMPILATION_CONDITIONS = DEBUG;
				SWIFT_OPTIMIZATION_LEVEL = "-Onone";
			};
			name = Debug;
		};
		C314F72C1FEE377800AC2B1B /* Release */ = {
			isa = XCBuildConfiguration;
			buildSettings = {
				ALWAYS_SEARCH_USER_PATHS = NO;
				CLANG_ANALYZER_NONNULL = YES;
				CLANG_ANALYZER_NUMBER_OBJECT_CONVERSION = YES_AGGRESSIVE;
				CLANG_CXX_LANGUAGE_STANDARD = "gnu++14";
				CLANG_CXX_LIBRARY = "libc++";
				CLANG_ENABLE_MODULES = YES;
				CLANG_ENABLE_OBJC_ARC = YES;
				CLANG_WARN_BLOCK_CAPTURE_AUTORELEASING = YES;
				CLANG_WARN_BOOL_CONVERSION = YES;
				CLANG_WARN_COMMA = YES;
				CLANG_WARN_CONSTANT_CONVERSION = YES;
				CLANG_WARN_DIRECT_OBJC_ISA_USAGE = YES_ERROR;
				CLANG_WARN_DOCUMENTATION_COMMENTS = YES;
				CLANG_WARN_EMPTY_BODY = YES;
				CLANG_WARN_ENUM_CONVERSION = YES;
				CLANG_WARN_INFINITE_RECURSION = YES;
				CLANG_WARN_INT_CONVERSION = YES;
				CLANG_WARN_NON_LITERAL_NULL_CONVERSION = YES;
				CLANG_WARN_OBJC_LITERAL_CONVERSION = YES;
				CLANG_WARN_OBJC_ROOT_CLASS = YES_ERROR;
				CLANG_WARN_RANGE_LOOP_ANALYSIS = YES;
				CLANG_WARN_STRICT_PROTOTYPES = YES;
				CLANG_WARN_SUSPICIOUS_MOVE = YES;
				CLANG_WARN_UNGUARDED_AVAILABILITY = YES_AGGRESSIVE;
				CLANG_WARN_UNREACHABLE_CODE = YES;
				CLANG_WARN__DUPLICATE_METHOD_MATCH = YES;
				CODE_SIGN_IDENTITY = "iPhone Developer";
				COPY_PHASE_STRIP = NO;
				DEBUG_INFORMATION_FORMAT = "dwarf-with-dsym";
				ENABLE_NS_ASSERTIONS = NO;
				ENABLE_STRICT_OBJC_MSGSEND = YES;
				GCC_C_LANGUAGE_STANDARD = gnu11;
				GCC_NO_COMMON_BLOCKS = YES;
				GCC_WARN_64_TO_32_BIT_CONVERSION = YES;
				GCC_WARN_ABOUT_RETURN_TYPE = YES_ERROR;
				GCC_WARN_UNDECLARED_SELECTOR = YES;
				GCC_WARN_UNINITIALIZED_AUTOS = YES_AGGRESSIVE;
				GCC_WARN_UNUSED_FUNCTION = YES;
				GCC_WARN_UNUSED_VARIABLE = YES;
				IPHONEOS_DEPLOYMENT_TARGET = 11.2;
				MTL_ENABLE_DEBUG_INFO = NO;
				SDKROOT = iphoneos;
				SWIFT_OPTIMIZATION_LEVEL = "-Owholemodule";
				VALIDATE_PRODUCT = YES;
			};
			name = Release;
		};
		C314F72E1FEE377800AC2B1B /* Debug */ = {
			isa = XCBuildConfiguration;
			baseConfigurationReference = FEE3E93463A9ADEEC7E86EC7 /* Pods-Tapper.debug.xcconfig */;
			buildSettings = {
				ASSETCATALOG_COMPILER_APPICON_NAME = AppIcon;
				CODE_SIGN_STYLE = Automatic;
				DEVELOPMENT_TEAM = NT8NN84PG3;
				INFOPLIST_FILE = Tapper/Info.plist;
				LD_RUNPATH_SEARCH_PATHS = "$(inherited) @executable_path/Frameworks";
				PRODUCT_BUNDLE_IDENTIFIER = m3dh.chatapp.uptempo;
				PRODUCT_NAME = "$(TARGET_NAME)";
				SWIFT_VERSION = 4.0;
				TARGETED_DEVICE_FAMILY = 1;
			};
			name = Debug;
		};
		C314F72F1FEE377800AC2B1B /* Release */ = {
			isa = XCBuildConfiguration;
			baseConfigurationReference = 919E59519FCE594F19203C14 /* Pods-Tapper.release.xcconfig */;
			buildSettings = {
				ASSETCATALOG_COMPILER_APPICON_NAME = AppIcon;
				CODE_SIGN_STYLE = Automatic;
				DEVELOPMENT_TEAM = NT8NN84PG3;
				INFOPLIST_FILE = Tapper/Info.plist;
				LD_RUNPATH_SEARCH_PATHS = "$(inherited) @executable_path/Frameworks";
				PRODUCT_BUNDLE_IDENTIFIER = m3dh.chatapp.uptempo;
				PRODUCT_NAME = "$(TARGET_NAME)";
				SWIFT_VERSION = 4.0;
				TARGETED_DEVICE_FAMILY = 1;
			};
			name = Release;
		};
		C314F7311FEE377800AC2B1B /* Debug */ = {
			isa = XCBuildConfiguration;
			baseConfigurationReference = 5E8E6B947C14963731CA3EF6 /* Pods-TapperTests.debug.xcconfig */;
			buildSettings = {
				ALWAYS_EMBED_SWIFT_STANDARD_LIBRARIES = YES;
				BUNDLE_LOADER = "$(TEST_HOST)";
				CODE_SIGN_STYLE = Automatic;
				DEVELOPMENT_TEAM = NT8NN84PG3;
				INFOPLIST_FILE = TapperTests/Info.plist;
				LD_RUNPATH_SEARCH_PATHS = "$(inherited) @executable_path/Frameworks @loader_path/Frameworks";
				PRODUCT_BUNDLE_IDENTIFIER = m3dh.TapperTests;
				PRODUCT_NAME = "$(TARGET_NAME)";
				SWIFT_VERSION = 4.0;
				TARGETED_DEVICE_FAMILY = "1,2";
				TEST_HOST = "$(BUILT_PRODUCTS_DIR)/Tapper.app/Tapper";
			};
			name = Debug;
		};
		C314F7321FEE377800AC2B1B /* Release */ = {
			isa = XCBuildConfiguration;
			baseConfigurationReference = D8D5E57818EA1622F67AECF4 /* Pods-TapperTests.release.xcconfig */;
			buildSettings = {
				ALWAYS_EMBED_SWIFT_STANDARD_LIBRARIES = YES;
				BUNDLE_LOADER = "$(TEST_HOST)";
				CODE_SIGN_STYLE = Automatic;
				DEVELOPMENT_TEAM = NT8NN84PG3;
				INFOPLIST_FILE = TapperTests/Info.plist;
				LD_RUNPATH_SEARCH_PATHS = "$(inherited) @executable_path/Frameworks @loader_path/Frameworks";
				PRODUCT_BUNDLE_IDENTIFIER = m3dh.TapperTests;
				PRODUCT_NAME = "$(TARGET_NAME)";
				SWIFT_VERSION = 4.0;
				TARGETED_DEVICE_FAMILY = "1,2";
				TEST_HOST = "$(BUILT_PRODUCTS_DIR)/Tapper.app/Tapper";
			};
			name = Release;
		};
/* End XCBuildConfiguration section */

/* Begin XCConfigurationList section */
		C314F7081FEE377800AC2B1B /* Build configuration list for PBXProject "tapper" */ = {
			isa = XCConfigurationList;
			buildConfigurations = (
				C314F72B1FEE377800AC2B1B /* Debug */,
				C314F72C1FEE377800AC2B1B /* Release */,
			);
			defaultConfigurationIsVisible = 0;
			defaultConfigurationName = Release;
		};
		C314F72D1FEE377800AC2B1B /* Build configuration list for PBXNativeTarget "Tapper" */ = {
			isa = XCConfigurationList;
			buildConfigurations = (
				C314F72E1FEE377800AC2B1B /* Debug */,
				C314F72F1FEE377800AC2B1B /* Release */,
			);
			defaultConfigurationIsVisible = 0;
			defaultConfigurationName = Release;
		};
		C314F7301FEE377800AC2B1B /* Build configuration list for PBXNativeTarget "TapperTests" */ = {
			isa = XCConfigurationList;
			buildConfigurations = (
				C314F7311FEE377800AC2B1B /* Debug */,
				C314F7321FEE377800AC2B1B /* Release */,
			);
			defaultConfigurationIsVisible = 0;
			defaultConfigurationName = Release;
		};
/* End XCConfigurationList section */

/* Begin XCVersionGroup section */
		C314F7171FEE377800AC2B1B /* Tapper.xcdatamodeld */ = {
			isa = XCVersionGroup;
			children = (
				C314F7181FEE377800AC2B1B /* Tapper.xcdatamodel */,
			);
			currentVersion = C314F7181FEE377800AC2B1B /* Tapper.xcdatamodel */;
			path = Tapper.xcdatamodeld;
			sourceTree = "<group>";
			versionGroupType = wrapper.xcdatamodel;
		};
/* End XCVersionGroup section */
	};
	rootObject = C314F7051FEE377800AC2B1B /* Project object */;
}
